// !$*UTF8*$!
{
	archiveVersion = 1;
	classes = {
	};
	objectVersion = 50;
	objects = {

/* Begin PBXBuildFile section */
		72B9D51E257A430F002E6696 /* AppDelegate.swift in Sources */ = {isa = PBXBuildFile; fileRef = 72B9D51D257A430F002E6696 /* AppDelegate.swift */; };
		72B9D520257A430F002E6696 /* SceneDelegate.swift in Sources */ = {isa = PBXBuildFile; fileRef = 72B9D51F257A430F002E6696 /* SceneDelegate.swift */; };
		72B9D522257A430F002E6696 /* ViewController.swift in Sources */ = {isa = PBXBuildFile; fileRef = 72B9D521257A430F002E6696 /* ViewController.swift */; };
		72B9D525257A430F002E6696 /* Main.storyboard in Resources */ = {isa = PBXBuildFile; fileRef = 72B9D523257A430F002E6696 /* Main.storyboard */; };
		72B9D527257A4310002E6696 /* Assets.xcassets in Resources */ = {isa = PBXBuildFile; fileRef = 72B9D526257A4310002E6696 /* Assets.xcassets */; };
		72B9D52A257A4310002E6696 /* LaunchScreen.storyboard in Resources */ = {isa = PBXBuildFile; fileRef = 72B9D528257A4310002E6696 /* LaunchScreen.storyboard */; };
		72B9D535257A4310002E6696 /* TimeProfilerTests.swift in Sources */ = {isa = PBXBuildFile; fileRef = 72B9D534257A4310002E6696 /* TimeProfilerTests.swift */; };
		72B9D540257A4310002E6696 /* TimeProfilerUITests.swift in Sources */ = {isa = PBXBuildFile; fileRef = 72B9D53F257A4310002E6696 /* TimeProfilerUITests.swift */; };
		72B9D565257A48DC002E6696 /* PrincipalClass.swift in Sources */ = {isa = PBXBuildFile; fileRef = 72B9D564257A48DC002E6696 /* PrincipalClass.swift */; };
/* End PBXBuildFile section */

/* Begin PBXContainerItemProxy section */
		72B9D531257A4310002E6696 /* PBXContainerItemProxy */ = {
			isa = PBXContainerItemProxy;
			containerPortal = 72B9D512257A430F002E6696 /* Project object */;
			proxyType = 1;
			remoteGlobalIDString = 72B9D519257A430F002E6696;
			remoteInfo = TimeProfiler;
		};
		72B9D53C257A4310002E6696 /* PBXContainerItemProxy */ = {
			isa = PBXContainerItemProxy;
			containerPortal = 72B9D512257A430F002E6696 /* Project object */;
			proxyType = 1;
			remoteGlobalIDString = 72B9D519257A430F002E6696;
			remoteInfo = TimeProfiler;
		};
/* End PBXContainerItemProxy section */

/* Begin PBXFileReference section */
		72B9D51A257A430F002E6696 /* TimeProfiler.app */ = {isa = PBXFileReference; explicitFileType = wrapper.application; includeInIndex = 0; path = TimeProfiler.app; sourceTree = BUILT_PRODUCTS_DIR; };
		72B9D51D257A430F002E6696 /* AppDelegate.swift */ = {isa = PBXFileReference; lastKnownFileType = sourcecode.swift; path = AppDelegate.swift; sourceTree = "<group>"; };
		72B9D51F257A430F002E6696 /* SceneDelegate.swift */ = {isa = PBXFileReference; lastKnownFileType = sourcecode.swift; path = SceneDelegate.swift; sourceTree = "<group>"; };
		72B9D521257A430F002E6696 /* ViewController.swift */ = {isa = PBXFileReference; lastKnownFileType = sourcecode.swift; path = ViewController.swift; sourceTree = "<group>"; };
		72B9D524257A430F002E6696 /* Base */ = {isa = PBXFileReference; lastKnownFileType = file.storyboard; name = Base; path = Base.lproj/Main.storyboard; sourceTree = "<group>"; };
		72B9D526257A4310002E6696 /* Assets.xcassets */ = {isa = PBXFileReference; lastKnownFileType = folder.assetcatalog; path = Assets.xcassets; sourceTree = "<group>"; };
		72B9D529257A4310002E6696 /* Base */ = {isa = PBXFileReference; lastKnownFileType = file.storyboard; name = Base; path = Base.lproj/LaunchScreen.storyboard; sourceTree = "<group>"; };
		72B9D52B257A4310002E6696 /* Info.plist */ = {isa = PBXFileReference; lastKnownFileType = text.plist.xml; path = Info.plist; sourceTree = "<group>"; };
		72B9D530257A4310002E6696 /* TimeProfilerTests.xctest */ = {isa = PBXFileReference; explicitFileType = wrapper.cfbundle; includeInIndex = 0; path = TimeProfilerTests.xctest; sourceTree = BUILT_PRODUCTS_DIR; };
		72B9D534257A4310002E6696 /* TimeProfilerTests.swift */ = {isa = PBXFileReference; lastKnownFileType = sourcecode.swift; path = TimeProfilerTests.swift; sourceTree = "<group>"; };
		72B9D536257A4310002E6696 /* Info.plist */ = {isa = PBXFileReference; lastKnownFileType = text.plist.xml; path = Info.plist; sourceTree = "<group>"; };
		72B9D53B257A4310002E6696 /* TimeProfilerUITests.xctest */ = {isa = PBXFileReference; explicitFileType = wrapper.cfbundle; includeInIndex = 0; path = TimeProfilerUITests.xctest; sourceTree = BUILT_PRODUCTS_DIR; };
		72B9D53F257A4310002E6696 /* TimeProfilerUITests.swift */ = {isa = PBXFileReference; lastKnownFileType = sourcecode.swift; path = TimeProfilerUITests.swift; sourceTree = "<group>"; };
		72B9D541257A4310002E6696 /* Info.plist */ = {isa = PBXFileReference; lastKnownFileType = text.plist.xml; path = Info.plist; sourceTree = "<group>"; };
		72B9D564257A48DC002E6696 /* PrincipalClass.swift */ = {isa = PBXFileReference; fileEncoding = 4; lastKnownFileType = sourcecode.swift; path = PrincipalClass.swift; sourceTree = "<group>"; };
/* End PBXFileReference section */

/* Begin PBXFrameworksBuildPhase section */
		72B9D517257A430F002E6696 /* Frameworks */ = {
			isa = PBXFrameworksBuildPhase;
			buildActionMask = 2147483647;
			files = (
			);
			runOnlyForDeploymentPostprocessing = 0;
		};
		72B9D52D257A4310002E6696 /* Frameworks */ = {
			isa = PBXFrameworksBuildPhase;
			buildActionMask = 2147483647;
			files = (
			);
			runOnlyForDeploymentPostprocessing = 0;
		};
		72B9D538257A4310002E6696 /* Frameworks */ = {
			isa = PBXFrameworksBuildPhase;
			buildActionMask = 2147483647;
			files = (
			);
			runOnlyForDeploymentPostprocessing = 0;
		};
/* End PBXFrameworksBuildPhase section */

/* Begin PBXGroup section */
		72B9D511257A430F002E6696 = {
			isa = PBXGroup;
			children = (
				72B9D51C257A430F002E6696 /* TimeProfiler */,
				72B9D533257A4310002E6696 /* TimeProfilerTests */,
				72B9D53E257A4310002E6696 /* TimeProfilerUITests */,
				72B9D51B257A430F002E6696 /* Products */,
			);
			sourceTree = "<group>";
		};
		72B9D51B257A430F002E6696 /* Products */ = {
			isa = PBXGroup;
			children = (
				72B9D51A257A430F002E6696 /* TimeProfiler.app */,
				72B9D530257A4310002E6696 /* TimeProfilerTests.xctest */,
				72B9D53B257A4310002E6696 /* TimeProfilerUITests.xctest */,
			);
			name = Products;
			sourceTree = "<group>";
		};
		72B9D51C257A430F002E6696 /* TimeProfiler */ = {
			isa = PBXGroup;
			children = (
				72B9D51D257A430F002E6696 /* AppDelegate.swift */,
				72B9D51F257A430F002E6696 /* SceneDelegate.swift */,
				72B9D521257A430F002E6696 /* ViewController.swift */,
				72B9D523257A430F002E6696 /* Main.storyboard */,
				72B9D526257A4310002E6696 /* Assets.xcassets */,
				72B9D528257A4310002E6696 /* LaunchScreen.storyboard */,
				72B9D52B257A4310002E6696 /* Info.plist */,
			);
			path = TimeProfiler;
			sourceTree = "<group>";
		};
		72B9D533257A4310002E6696 /* TimeProfilerTests */ = {
			isa = PBXGroup;
			children = (
				72B9D534257A4310002E6696 /* TimeProfilerTests.swift */,
				72B9D536257A4310002E6696 /* Info.plist */,
			);
			path = TimeProfilerTests;
			sourceTree = "<group>";
		};
		72B9D53E257A4310002E6696 /* TimeProfilerUITests */ = {
			isa = PBXGroup;
			children = (
				72B9D564257A48DC002E6696 /* PrincipalClass.swift */,
				72B9D53F257A4310002E6696 /* TimeProfilerUITests.swift */,
				72B9D541257A4310002E6696 /* Info.plist */,
			);
			path = TimeProfilerUITests;
			sourceTree = "<group>";
		};
/* End PBXGroup section */

/* Begin PBXNativeTarget section */
		72B9D519257A430F002E6696 /* TimeProfiler */ = {
			isa = PBXNativeTarget;
			buildConfigurationList = 72B9D544257A4310002E6696 /* Build configuration list for PBXNativeTarget "TimeProfiler" */;
			buildPhases = (
				72B9D516257A430F002E6696 /* Sources */,
				72B9D517257A430F002E6696 /* Frameworks */,
				72B9D518257A430F002E6696 /* Resources */,
			);
			buildRules = (
			);
			dependencies = (
			);
			name = TimeProfiler;
			productName = TimeProfiler;
			productReference = 72B9D51A257A430F002E6696 /* TimeProfiler.app */;
			productType = "com.apple.product-type.application";
		};
		72B9D52F257A4310002E6696 /* TimeProfilerTests */ = {
			isa = PBXNativeTarget;
			buildConfigurationList = 72B9D547257A4310002E6696 /* Build configuration list for PBXNativeTarget "TimeProfilerTests" */;
			buildPhases = (
				72B9D52C257A4310002E6696 /* Sources */,
				72B9D52D257A4310002E6696 /* Frameworks */,
				72B9D52E257A4310002E6696 /* Resources */,
			);
			buildRules = (
			);
			dependencies = (
				72B9D532257A4310002E6696 /* PBXTargetDependency */,
			);
			name = TimeProfilerTests;
			productName = TimeProfilerTests;
			productReference = 72B9D530257A4310002E6696 /* TimeProfilerTests.xctest */;
			productType = "com.apple.product-type.bundle.unit-test";
		};
		72B9D53A257A4310002E6696 /* TimeProfilerUITests */ = {
			isa = PBXNativeTarget;
			buildConfigurationList = 72B9D54A257A4310002E6696 /* Build configuration list for PBXNativeTarget "TimeProfilerUITests" */;
			buildPhases = (
				72B9D537257A4310002E6696 /* Sources */,
				72B9D538257A4310002E6696 /* Frameworks */,
				72B9D539257A4310002E6696 /* Resources */,
			);
			buildRules = (
			);
			dependencies = (
				72B9D53D257A4310002E6696 /* PBXTargetDependency */,
			);
			name = TimeProfilerUITests;
			productName = TimeProfilerUITests;
			productReference = 72B9D53B257A4310002E6696 /* TimeProfilerUITests.xctest */;
			productType = "com.apple.product-type.bundle.ui-testing";
		};
/* End PBXNativeTarget section */

/* Begin PBXProject section */
		72B9D512257A430F002E6696 /* Project object */ = {
			isa = PBXProject;
			attributes = {
				LastSwiftUpdateCheck = 1220;
				LastUpgradeCheck = 1220;
				TargetAttributes = {
					72B9D519257A430F002E6696 = {
						CreatedOnToolsVersion = 12.2;
					};
					72B9D52F257A4310002E6696 = {
						CreatedOnToolsVersion = 12.2;
						TestTargetID = 72B9D519257A430F002E6696;
					};
					72B9D53A257A4310002E6696 = {
						CreatedOnToolsVersion = 12.2;
						TestTargetID = 72B9D519257A430F002E6696;
					};
				};
			};
			buildConfigurationList = 72B9D515257A430F002E6696 /* Build configuration list for PBXProject "TimeProfiler" */;
			compatibilityVersion = "Xcode 9.3";
			developmentRegion = en;
			hasScannedForEncodings = 0;
			knownRegions = (
				en,
				Base,
			);
			mainGroup = 72B9D511257A430F002E6696;
			productRefGroup = 72B9D51B257A430F002E6696 /* Products */;
			projectDirPath = "";
			projectRoot = "";
			targets = (
				72B9D519257A430F002E6696 /* TimeProfiler */,
				72B9D52F257A4310002E6696 /* TimeProfilerTests */,
				72B9D53A257A4310002E6696 /* TimeProfilerUITests */,
			);
		};
/* End PBXProject section */

/* Begin PBXResourcesBuildPhase section */
		72B9D518257A430F002E6696 /* Resources */ = {
			isa = PBXResourcesBuildPhase;
			buildActionMask = 2147483647;
			files = (
				72B9D52A257A4310002E6696 /* LaunchScreen.storyboard in Resources */,
				72B9D527257A4310002E6696 /* Assets.xcassets in Resources */,
				72B9D525257A430F002E6696 /* Main.storyboard in Resources */,
			);
			runOnlyForDeploymentPostprocessing = 0;
		};
		72B9D52E257A4310002E6696 /* Resources */ = {
			isa = PBXResourcesBuildPhase;
			buildActionMask = 2147483647;
			files = (
			);
			runOnlyForDeploymentPostprocessing = 0;
		};
		72B9D539257A4310002E6696 /* Resources */ = {
			isa = PBXResourcesBuildPhase;
			buildActionMask = 2147483647;
			files = (
			);
			runOnlyForDeploymentPostprocessing = 0;
		};
/* End PBXResourcesBuildPhase section */

/* Begin PBXSourcesBuildPhase section */
		72B9D516257A430F002E6696 /* Sources */ = {
			isa = PBXSourcesBuildPhase;
			buildActionMask = 2147483647;
			files = (
				72B9D522257A430F002E6696 /* ViewController.swift in Sources */,
				72B9D51E257A430F002E6696 /* AppDelegate.swift in Sources */,
				72B9D520257A430F002E6696 /* SceneDelegate.swift in Sources */,
			);
			runOnlyForDeploymentPostprocessing = 0;
		};
		72B9D52C257A4310002E6696 /* Sources */ = {
			isa = PBXSourcesBuildPhase;
			buildActionMask = 2147483647;
			files = (
				72B9D535257A4310002E6696 /* TimeProfilerTests.swift in Sources */,
			);
			runOnlyForDeploymentPostprocessing = 0;
		};
		72B9D537257A4310002E6696 /* Sources */ = {
			isa = PBXSourcesBuildPhase;
			buildActionMask = 2147483647;
			files = (
				72B9D540257A4310002E6696 /* TimeProfilerUITests.swift in Sources */,
				72B9D565257A48DC002E6696 /* PrincipalClass.swift in Sources */,
			);
			runOnlyForDeploymentPostprocessing = 0;
		};
/* End PBXSourcesBuildPhase section */

/* Begin PBXTargetDependency section */
		72B9D532257A4310002E6696 /* PBXTargetDependency */ = {
			isa = PBXTargetDependency;
			target = 72B9D519257A430F002E6696 /* TimeProfiler */;
			targetProxy = 72B9D531257A4310002E6696 /* PBXContainerItemProxy */;
		};
		72B9D53D257A4310002E6696 /* PBXTargetDependency */ = {
			isa = PBXTargetDependency;
			target = 72B9D519257A430F002E6696 /* TimeProfiler */;
			targetProxy = 72B9D53C257A4310002E6696 /* PBXContainerItemProxy */;
		};
/* End PBXTargetDependency section */

/* Begin PBXVariantGroup section */
		72B9D523257A430F002E6696 /* Main.storyboard */ = {
			isa = PBXVariantGroup;
			children = (
				72B9D524257A430F002E6696 /* Base */,
			);
			name = Main.storyboard;
			sourceTree = "<group>";
		};
		72B9D528257A4310002E6696 /* LaunchScreen.storyboard */ = {
			isa = PBXVariantGroup;
			children = (
				72B9D529257A4310002E6696 /* Base */,
			);
			name = LaunchScreen.storyboard;
			sourceTree = "<group>";
		};
/* End PBXVariantGroup section */

/* Begin XCBuildConfiguration section */
		72B9D542257A4310002E6696 /* Debug */ = {
			isa = XCBuildConfiguration;
			buildSettings = {
				ALWAYS_SEARCH_USER_PATHS = NO;
				CLANG_ANALYZER_NONNULL = YES;
				CLANG_ANALYZER_NUMBER_OBJECT_CONVERSION = YES_AGGRESSIVE;
				CLANG_CXX_LANGUAGE_STANDARD = "gnu++14";
				CLANG_CXX_LIBRARY = "libc++";
				CLANG_ENABLE_MODULES = YES;
				CLANG_ENABLE_OBJC_ARC = YES;
				CLANG_ENABLE_OBJC_WEAK = YES;
				CLANG_WARN_BLOCK_CAPTURE_AUTORELEASING = YES;
				CLANG_WARN_BOOL_CONVERSION = YES;
				CLANG_WARN_COMMA = YES;
				CLANG_WARN_CONSTANT_CONVERSION = YES;
				CLANG_WARN_DEPRECATED_OBJC_IMPLEMENTATIONS = YES;
				CLANG_WARN_DIRECT_OBJC_ISA_USAGE = YES_ERROR;
				CLANG_WARN_DOCUMENTATION_COMMENTS = YES;
				CLANG_WARN_EMPTY_BODY = YES;
				CLANG_WARN_ENUM_CONVERSION = YES;
				CLANG_WARN_INFINITE_RECURSION = YES;
				CLANG_WARN_INT_CONVERSION = YES;
				CLANG_WARN_NON_LITERAL_NULL_CONVERSION = YES;
				CLANG_WARN_OBJC_IMPLICIT_RETAIN_SELF = YES;
				CLANG_WARN_OBJC_LITERAL_CONVERSION = YES;
				CLANG_WARN_OBJC_ROOT_CLASS = YES_ERROR;
				CLANG_WARN_QUOTED_INCLUDE_IN_FRAMEWORK_HEADER = YES;
				CLANG_WARN_RANGE_LOOP_ANALYSIS = YES;
				CLANG_WARN_STRICT_PROTOTYPES = YES;
				CLANG_WARN_SUSPICIOUS_MOVE = YES;
				CLANG_WARN_UNGUARDED_AVAILABILITY = YES_AGGRESSIVE;
				CLANG_WARN_UNREACHABLE_CODE = YES;
				CLANG_WARN__DUPLICATE_METHOD_MATCH = YES;
				COPY_PHASE_STRIP = NO;
				DEBUG_INFORMATION_FORMAT = dwarf;
				ENABLE_STRICT_OBJC_MSGSEND = YES;
				ENABLE_TESTABILITY = YES;
				GCC_C_LANGUAGE_STANDARD = gnu11;
				GCC_DYNAMIC_NO_PIC = NO;
				GCC_NO_COMMON_BLOCKS = YES;
				GCC_OPTIMIZATION_LEVEL = 0;
				GCC_PREPROCESSOR_DEFINITIONS = (
					"DEBUG=1",
					"$(inherited)",
				);
				GCC_WARN_64_TO_32_BIT_CONVERSION = YES;
				GCC_WARN_ABOUT_RETURN_TYPE = YES_ERROR;
				GCC_WARN_UNDECLARED_SELECTOR = YES;
				GCC_WARN_UNINITIALIZED_AUTOS = YES_AGGRESSIVE;
				GCC_WARN_UNUSED_FUNCTION = YES;
				GCC_WARN_UNUSED_VARIABLE = YES;
				IPHONEOS_DEPLOYMENT_TARGET = 13.6;
				MTL_ENABLE_DEBUG_INFO = INCLUDE_SOURCE;
				MTL_FAST_MATH = YES;
				ONLY_ACTIVE_ARCH = YES;
				SDKROOT = iphoneos;
				SWIFT_ACTIVE_COMPILATION_CONDITIONS = DEBUG;
				SWIFT_OPTIMIZATION_LEVEL = "-Onone";
			};
			name = Debug;
		};
		72B9D543257A4310002E6696 /* Release */ = {
			isa = XCBuildConfiguration;
			buildSettings = {
				ALWAYS_SEARCH_USER_PATHS = NO;
				CLANG_ANALYZER_NONNULL = YES;
				CLANG_ANALYZER_NUMBER_OBJECT_CONVERSION = YES_AGGRESSIVE;
				CLANG_CXX_LANGUAGE_STANDARD = "gnu++14";
				CLANG_CXX_LIBRARY = "libc++";
				CLANG_ENABLE_MODULES = YES;
				CLANG_ENABLE_OBJC_ARC = YES;
				CLANG_ENABLE_OBJC_WEAK = YES;
				CLANG_WARN_BLOCK_CAPTURE_AUTORELEASING = YES;
				CLANG_WARN_BOOL_CONVERSION = YES;
				CLANG_WARN_COMMA = YES;
				CLANG_WARN_CONSTANT_CONVERSION = YES;
				CLANG_WARN_DEPRECATED_OBJC_IMPLEMENTATIONS = YES;
				CLANG_WARN_DIRECT_OBJC_ISA_USAGE = YES_ERROR;
				CLANG_WARN_DOCUMENTATION_COMMENTS = YES;
				CLANG_WARN_EMPTY_BODY = YES;
				CLANG_WARN_ENUM_CONVERSION = YES;
				CLANG_WARN_INFINITE_RECURSION = YES;
				CLANG_WARN_INT_CONVERSION = YES;
				CLANG_WARN_NON_LITERAL_NULL_CONVERSION = YES;
				CLANG_WARN_OBJC_IMPLICIT_RETAIN_SELF = YES;
				CLANG_WARN_OBJC_LITERAL_CONVERSION = YES;
				CLANG_WARN_OBJC_ROOT_CLASS = YES_ERROR;
				CLANG_WARN_QUOTED_INCLUDE_IN_FRAMEWORK_HEADER = YES;
				CLANG_WARN_RANGE_LOOP_ANALYSIS = YES;
				CLANG_WARN_STRICT_PROTOTYPES = YES;
				CLANG_WARN_SUSPICIOUS_MOVE = YES;
				CLANG_WARN_UNGUARDED_AVAILABILITY = YES_AGGRESSIVE;
				CLANG_WARN_UNREACHABLE_CODE = YES;
				CLANG_WARN__DUPLICATE_METHOD_MATCH = YES;
				COPY_PHASE_STRIP = NO;
				DEBUG_INFORMATION_FORMAT = "dwarf-with-dsym";
				ENABLE_NS_ASSERTIONS = NO;
				ENABLE_STRICT_OBJC_MSGSEND = YES;
				GCC_C_LANGUAGE_STANDARD = gnu11;
				GCC_NO_COMMON_BLOCKS = YES;
				GCC_WARN_64_TO_32_BIT_CONVERSION = YES;
				GCC_WARN_ABOUT_RETURN_TYPE = YES_ERROR;
				GCC_WARN_UNDECLARED_SELECTOR = YES;
				GCC_WARN_UNINITIALIZED_AUTOS = YES_AGGRESSIVE;
				GCC_WARN_UNUSED_FUNCTION = YES;
				GCC_WARN_UNUSED_VARIABLE = YES;
				IPHONEOS_DEPLOYMENT_TARGET = 13.6;
				MTL_ENABLE_DEBUG_INFO = NO;
				MTL_FAST_MATH = YES;
				SDKROOT = iphoneos;
				SWIFT_COMPILATION_MODE = wholemodule;
				SWIFT_OPTIMIZATION_LEVEL = "-O";
				VALIDATE_PRODUCT = YES;
			};
			name = Release;
		};
		72B9D545257A4310002E6696 /* Debug */ = {
			isa = XCBuildConfiguration;
			buildSettings = {
				ASSETCATALOG_COMPILER_APPICON_NAME = AppIcon;
				ASSETCATALOG_COMPILER_GLOBAL_ACCENT_COLOR_NAME = AccentColor;
				CODE_SIGN_STYLE = Automatic;
				DEVELOPMENT_TEAM = 6N4M945C6Q;
				INFOPLIST_FILE = TimeProfiler/Info.plist;
				LD_RUNPATH_SEARCH_PATHS = (
					"$(inherited)",
					"@executable_path/Frameworks",
				);
				PRODUCT_BUNDLE_IDENTIFIER = com.example.TimeProfiler;
				PRODUCT_NAME = "$(TARGET_NAME)";
				SWIFT_VERSION = 5.0;
				TARGETED_DEVICE_FAMILY = "1,2";
			};
			name = Debug;
		};
		72B9D546257A4310002E6696 /* Release */ = {
			isa = XCBuildConfiguration;
			buildSettings = {
				ASSETCATALOG_COMPILER_APPICON_NAME = AppIcon;
				ASSETCATALOG_COMPILER_GLOBAL_ACCENT_COLOR_NAME = AccentColor;
				CODE_SIGN_STYLE = Automatic;
				DEVELOPMENT_TEAM = 6N4M945C6Q;
				INFOPLIST_FILE = TimeProfiler/Info.plist;
				LD_RUNPATH_SEARCH_PATHS = (
					"$(inherited)",
					"@executable_path/Frameworks",
				);
				PRODUCT_BUNDLE_IDENTIFIER = com.example.TimeProfiler;
				PRODUCT_NAME = "$(TARGET_NAME)";
				SWIFT_VERSION = 5.0;
				TARGETED_DEVICE_FAMILY = "1,2";
			};
			name = Release;
		};
		72B9D548257A4310002E6696 /* Debug */ = {
			isa = XCBuildConfiguration;
			buildSettings = {
				ALWAYS_EMBED_SWIFT_STANDARD_LIBRARIES = YES;
				BUNDLE_LOADER = "$(TEST_HOST)";
				CODE_SIGN_STYLE = Automatic;
				DEVELOPMENT_TEAM = 6N4M945C6Q;
				INFOPLIST_FILE = TimeProfilerTests/Info.plist;
				IPHONEOS_DEPLOYMENT_TARGET = 14.2;
				LD_RUNPATH_SEARCH_PATHS = (
					"$(inherited)",
					"@executable_path/Frameworks",
					"@loader_path/Frameworks",
				);
				PRODUCT_BUNDLE_IDENTIFIER = com.example.TimeProfilerTests;
				PRODUCT_NAME = "$(TARGET_NAME)";
				SWIFT_VERSION = 5.0;
				TARGETED_DEVICE_FAMILY = "1,2";
				TEST_HOST = "$(BUILT_PRODUCTS_DIR)/TimeProfiler.app/TimeProfiler";
			};
			name = Debug;
		};
		72B9D549257A4310002E6696 /* Release */ = {
			isa = XCBuildConfiguration;
			buildSettings = {
				ALWAYS_EMBED_SWIFT_STANDARD_LIBRARIES = YES;
				BUNDLE_LOADER = "$(TEST_HOST)";
				CODE_SIGN_STYLE = Automatic;
				DEVELOPMENT_TEAM = 6N4M945C6Q;
				INFOPLIST_FILE = TimeProfilerTests/Info.plist;
				IPHONEOS_DEPLOYMENT_TARGET = 14.2;
				LD_RUNPATH_SEARCH_PATHS = (
					"$(inherited)",
					"@executable_path/Frameworks",
					"@loader_path/Frameworks",
				);
				PRODUCT_BUNDLE_IDENTIFIER = com.example.TimeProfilerTests;
				PRODUCT_NAME = "$(TARGET_NAME)";
				SWIFT_VERSION = 5.0;
				TARGETED_DEVICE_FAMILY = "1,2";
				TEST_HOST = "$(BUILT_PRODUCTS_DIR)/TimeProfiler.app/TimeProfiler";
			};
			name = Release;
		};
		72B9D54B257A4310002E6696 /* Debug */ = {
			isa = XCBuildConfiguration;
			buildSettings = {
				ALWAYS_EMBED_SWIFT_STANDARD_LIBRARIES = YES;
				CODE_SIGN_STYLE = Automatic;
				DEVELOPMENT_TEAM = 6N4M945C6Q;
				INFOPLIST_FILE = TimeProfilerUITests/Info.plist;
				LD_RUNPATH_SEARCH_PATHS = (
					"$(inherited)",
					"@executable_path/Frameworks",
					"@loader_path/Frameworks",
				);
				PRODUCT_BUNDLE_IDENTIFIER = com.example.TimeProfilerUITests;
				PRODUCT_NAME = "$(TARGET_NAME)";
				SWIFT_VERSION = 5.0;
				TARGETED_DEVICE_FAMILY = "1,2";
				TEST_TARGET_NAME = TimeProfiler;
			};
			name = Debug;
		};
		72B9D54C257A4310002E6696 /* Release */ = {
			isa = XCBuildConfiguration;
			buildSettings = {
				ALWAYS_EMBED_SWIFT_STANDARD_LIBRARIES = YES;
				CODE_SIGN_STYLE = Automatic;
				DEVELOPMENT_TEAM = 6N4M945C6Q;
				INFOPLIST_FILE = TimeProfilerUITests/Info.plist;
				LD_RUNPATH_SEARCH_PATHS = (
					"$(inherited)",
					"@executable_path/Frameworks",
					"@loader_path/Frameworks",
				);
				PRODUCT_BUNDLE_IDENTIFIER = com.example.TimeProfilerUITests;
				PRODUCT_NAME = "$(TARGET_NAME)";
				SWIFT_VERSION = 5.0;
				TARGETED_DEVICE_FAMILY = "1,2";
				TEST_TARGET_NAME = TimeProfiler;
			};
			name = Release;
		};
/* End XCBuildConfiguration section */

/* Begin XCConfigurationList section */
		72B9D515257A430F002E6696 /* Build configuration list for PBXProject "TimeProfiler" */ = {
			isa = XCConfigurationList;
			buildConfigurations = (
				72B9D542257A4310002E6696 /* Debug */,
				72B9D543257A4310002E6696 /* Release */,
			);
			defaultConfigurationIsVisible = 0;
			defaultConfigurationName = Release;
		};
		72B9D544257A4310002E6696 /* Build configuration list for PBXNativeTarget "TimeProfiler" */ = {
			isa = XCConfigurationList;
			buildConfigurations = (
				72B9D545257A4310002E6696 /* Debug */,
				72B9D546257A4310002E6696 /* Release */,
			);
			defaultConfigurationIsVisible = 0;
			defaultConfigurationName = Release;
		};
		72B9D547257A4310002E6696 /* Build configuration list for PBXNativeTarget "TimeProfilerTests" */ = {
			isa = XCConfigurationList;
			buildConfigurations = (
				72B9D548257A4310002E6696 /* Debug */,
				72B9D549257A4310002E6696 /* Release */,
			);
			defaultConfigurationIsVisible = 0;
			defaultConfigurationName = Release;
		};
		72B9D54A257A4310002E6696 /* Build configuration list for PBXNativeTarget "TimeProfilerUITests" */ = {
			isa = XCConfigurationList;
			buildConfigurations = (
				72B9D54B257A4310002E6696 /* Debug */,
				72B9D54C257A4310002E6696 /* Release */,
			);
			defaultConfigurationIsVisible = 0;
			defaultConfigurationName = Release;
		};
/* End XCConfigurationList section */
	};
	rootObject = 72B9D512257A430F002E6696 /* Project object */;
}
